
Microsoft Visual Studio Solution File, Format Version 12.00
# Visual Studio Version 17
Project("{8BC9CEB8-8B4A-11D0-8D11-00A0C91BC942}") = "ALL_BUILD", "ALL_BUILD.vcxproj", "{FFA11DA2-68A3-3C7C-872F-85A8FB84CA20}"
	ProjectSection(ProjectDependencies) = postProject
		{2DD777F9-7B5D-37BD-9798-9D03D033B7FA} = {2DD777F9-7B5D-37BD-9798-9D03D033B7FA}
		{0FEAAF09-BE40-310C-BB75-886CCF8B79F8} = {0FEAAF09-BE40-310C-BB75-886CCF8B79F8}
	EndProjectSection
EndProject
Project("{8BC9CEB8-8B4A-11D0-8D11-00A0C91BC942}") = "INSTALL", "INSTALL.vcxproj", "{5887C026-AB56-370B-862A-DAFD4FAF2E77}"
	ProjectSection(ProjectDependencies) = postProject
		{FFA11DA2-68A3-3C7C-872F-85A8FB84CA20} = {FFA11DA2-68A3-3C7C-872F-85A8FB84CA20}
		{2DD777F9-7B5D-37BD-9798-9D03D033B7FA} = {2DD777F9-7B5D-37BD-9798-9D03D033B7FA}
	EndProjectSection
EndProject
Project("{8BC9CEB8-8B4A-11D0-8D11-00A0C91BC942}") = "RUN_TESTS", "RUN_TESTS.vcxproj", "{4257337D-0639-3FBE-8280-D76D36015455}"
	ProjectSection(ProjectDependencies) = postProject
		{2DD777F9-7B5D-37BD-9798-9D03D033B7FA} = {2DD777F9-7B5D-37BD-9798-9D03D033B7FA}
	EndProjectSection
EndProject
Project("{8BC9CEB8-8B4A-11D0-8D11-00A0C91BC942}") = "ZERO_CHECK", "ZERO_CHECK.vcxproj", "{2DD777F9-7B5D-37BD-9798-9D03D033B7FA}"
	ProjectSection(ProjectDependencies) = postProject
	EndProjectSection
EndProject
Project("{8BC9CEB8-8B4A-11D0-8D11-00A0C91BC942}") = "reactphysics3d", "reactphysics3d.vcxproj", "{0FEAAF09-BE40-310C-BB75-886CCF8B79F8}"
	ProjectSection(ProjectDependencies) = postProject
		{2DD777F9-7B5D-37BD-9798-9D03D033B7FA} = {2DD777F9-7B5D-37BD-9798-9D03D033B7FA}
	EndProjectSection
EndProject
Global
	GlobalSection(SolutionConfigurationPlatforms) = preSolution
		Debug|x64 = Debug|x64
		Release|x64 = Release|x64
		MinSizeRel|x64 = MinSizeRel|x64
		RelWithDebInfo|x64 = RelWithDebInfo|x64
	EndGlobalSection
	GlobalSection(ProjectConfigurationPlatforms) = postSolution
		{FFA11DA2-68A3-3C7C-872F-85A8FB84CA20}.Debug|x64.ActiveCfg = Debug|x64
		{FFA11DA2-68A3-3C7C-872F-85A8FB84CA20}.Debug|x64.Build.0 = Debug|x64
		{FFA11DA2-68A3-3C7C-872F-85A8FB84CA20}.Release|x64.ActiveCfg = Release|x64
		{FFA11DA2-68A3-3C7C-872F-85A8FB84CA20}.Release|x64.Build.0 = Release|x64
		{FFA11DA2-68A3-3C7C-872F-85A8FB84CA20}.MinSizeRel|x64.ActiveCfg = MinSizeRel|x64
		{FFA11DA2-68A3-3C7C-872F-85A8FB84CA20}.MinSizeRel|x64.Build.0 = MinSizeRel|x64
		{FFA11DA2-68A3-3C7C-872F-85A8FB84CA20}.RelWithDebInfo|x64.ActiveCfg = RelWithDebInfo|x64
		{FFA11DA2-68A3-3C7C-872F-85A8FB84CA20}.RelWithDebInfo|x64.Build.0 = RelWithDebInfo|x64
		{5887C026-AB56-370B-862A-DAFD4FAF2E77}.Debug|x64.ActiveCfg = Debug|x64
		{5887C026-AB56-370B-862A-DAFD4FAF2E77}.Debug|x64.Build.0 = Debug|x64
		{5887C026-AB56-370B-862A-DAFD4FAF2E77}.Release|x64.ActiveCfg = Release|x64
		{5887C026-AB56-370B-862A-DAFD4FAF2E77}.Release|x64.Build.0 = Release|x64
		{5887C026-AB56-370B-862A-DAFD4FAF2E77}.MinSizeRel|x64.ActiveCfg = MinSizeRel|x64
		{5887C026-AB56-370B-862A-DAFD4FAF2E77}.MinSizeRel|x64.Build.0 = MinSizeRel|x64
		{5887C026-AB56-370B-862A-DAFD4FAF2E77}.RelWithDebInfo|x64.ActiveCfg = RelWithDebInfo|x64
		{5887C026-AB56-370B-862A-DAFD4FAF2E77}.RelWithDebInfo|x64.Build.0 = RelWithDebInfo|x64
		{4257337D-0639-3FBE-8280-D76D36015455}.Debug|x64.ActiveCfg = Debug|x64
		{4257337D-0639-3FBE-8280-D76D36015455}.Release|x64.ActiveCfg = Release|x64
		{4257337D-0639-3FBE-8280-D76D36015455}.MinSizeRel|x64.ActiveCfg = MinSizeRel|x64
		{4257337D-0639-3FBE-8280-D76D36015455}.RelWithDebInfo|x64.ActiveCfg = RelWithDebInfo|x64
		{2DD777F9-7B5D-37BD-9798-9D03D033B7FA}.Debug|x64.ActiveCfg = Debug|x64
		{2DD777F9-7B5D-37BD-9798-9D03D033B7FA}.Debug|x64.Build.0 = Debug|x64
		{2DD777F9-7B5D-37BD-9798-9D03D033B7FA}.Release|x64.ActiveCfg = Release|x64
		{2DD777F9-7B5D-37BD-9798-9D03D033B7FA}.Release|x64.Build.0 = Release|x64
		{2DD777F9-7B5D-37BD-9798-9D03D033B7FA}.MinSizeRel|x64.ActiveCfg = MinSizeRel|x64
		{2DD777F9-7B5D-37BD-9798-9D03D033B7FA}.MinSizeRel|x64.Build.0 = MinSizeRel|x64
		{2DD777F9-7B5D-37BD-9798-9D03D033B7FA}.RelWithDebInfo|x64.ActiveCfg = RelWithDebInfo|x64
		{2DD777F9-7B5D-37BD-9798-9D03D033B7FA}.RelWithDebInfo|x64.Build.0 = RelWithDebInfo|x64
		{0FEAAF09-BE40-310C-BB75-886CCF8B79F8}.Debug|x64.ActiveCfg = Debug|x64
		{0FEAAF09-BE40-310C-BB75-886CCF8B79F8}.Debug|x64.Build.0 = Debug|x64
		{0FEAAF09-BE40-310C-BB75-886CCF8B79F8}.Release|x64.ActiveCfg = Release|x64
		{0FEAAF09-BE40-310C-BB75-886CCF8B79F8}.Release|x64.Build.0 = Release|x64
		{0FEAAF09-BE40-310C-BB75-886CCF8B79F8}.MinSizeRel|x64.ActiveCfg = MinSizeRel|x64
		{0FEAAF09-BE40-310C-BB75-886CCF8B79F8}.MinSizeRel|x64.Build.0 = MinSizeRel|x64
		{0FEAAF09-BE40-310C-BB75-886CCF8B79F8}.RelWithDebInfo|x64.ActiveCfg = RelWithDebInfo|x64
		{0FEAAF09-BE40-310C-BB75-886CCF8B79F8}.RelWithDebInfo|x64.Build.0 = RelWithDebInfo|x64
	EndGlobalSection
	GlobalSection(ExtensibilityGlobals) = postSolution
		SolutionGuid = {2F2591B4-F38F-316B-BF7C-DC53943C2521}
	EndGlobalSection
	GlobalSection(ExtensibilityAddIns) = postSolution
	EndGlobalSection
EndGlobal
