<?xml version="1.0" encoding="utf-8"?>
<Project ToolsVersion="17.0" xmlns="http://schemas.microsoft.com/developer/msbuild/2003">
  <ItemGroup>
    <CustomBuild Include="D:\Github\Quake\Engine\Libraries\reactphysics3d\CMakeFiles\6a6d1f61e7712c72e8b9304d2e3bbdba\RUN_TESTS_force.rule">
      <Filter>CMake Rules</Filter>
    </CustomBuild>
  </ItemGroup>
  <ItemGroup>
    <Filter Include="CMake Rules">
      <UniqueIdentifier>{A4E2371C-9F78-37D0-BF0A-CA67D16D4904}</UniqueIdentifier>
    </Filter>
  </ItemGroup>
</Project>
