<?xml version="1.0" encoding="utf-8"?>
<Project ToolsVersion="17.0" xmlns="http://schemas.microsoft.com/developer/msbuild/2003">
  <ItemGroup>
    <CustomBuild Include="D:\repository\Quake\QuakeGH\Quake\Binaries\CMakeFiles\fd9d0a0de14f0f159f155170fbaf20c7\INSTALL_force.rule">
      <Filter>CMake Rules</Filter>
    </CustomBuild>
  </ItemGroup>
  <ItemGroup>
    <Filter Include="CMake Rules">
      <UniqueIdentifier>{58BAB12C-FF81-3404-B23E-09A34B57EF9C}</UniqueIdentifier>
    </Filter>
  </ItemGroup>
</Project>
