<?xml version="1.0" encoding="utf-8"?>
<Project ToolsVersion="17.0" xmlns="http://schemas.microsoft.com/developer/msbuild/2003">
  <ItemGroup>
    <ClCompile Include="D:\p2vs\QuakeGit\Quake\Source\Common\controls.cpp">
      <Filter>Common</Filter>
    </ClCompile>
    <ClCompile Include="D:\p2vs\QuakeGit\Quake\Source\Common\objloader.cpp">
      <Filter>Common</Filter>
    </ClCompile>
    <ClCompile Include="D:\p2vs\QuakeGit\Quake\Source\Common\quaternion_utils.cpp">
      <Filter>Common</Filter>
    </ClCompile>
    <ClCompile Include="D:\p2vs\QuakeGit\Quake\Source\Common\shader.cpp">
      <Filter>Common</Filter>
    </ClCompile>
    <ClCompile Include="D:\p2vs\QuakeGit\Quake\Source\Common\tangentspace.cpp">
      <Filter>Common</Filter>
    </ClCompile>
    <ClCompile Include="D:\p2vs\QuakeGit\Quake\Source\Common\text2D.cpp">
      <Filter>Common</Filter>
    </ClCompile>
    <ClCompile Include="D:\p2vs\QuakeGit\Quake\Source\Common\texture.cpp">
      <Filter>Common</Filter>
    </ClCompile>
    <ClCompile Include="D:\p2vs\QuakeGit\Quake\Source\Common\vboindexer.cpp">
      <Filter>Common</Filter>
    </ClCompile>
    <ClCompile Include="D:\p2vs\QuakeGit\Quake\Source\Editor\Engine\Engine.cpp">
      <Filter>Editor\Engine</Filter>
    </ClCompile>
    <ClCompile Include="D:\p2vs\QuakeGit\Quake\Source\Editor\Engine\EngineWindow.cpp">
      <Filter>Editor\Engine</Filter>
    </ClCompile>
    <ClCompile Include="D:\p2vs\QuakeGit\Quake\Source\Editor\Engine\Material\Material.cpp">
      <Filter>Editor\Engine\Material</Filter>
    </ClCompile>
    <ClCompile Include="D:\p2vs\QuakeGit\Quake\Source\Editor\Engine\Shader\CustomShader.cpp">
      <Filter>Editor\Engine\Shader</Filter>
    </ClCompile>
    <ClCompile Include="D:\p2vs\QuakeGit\Quake\Source\Editor\GarbageCollector\GarbageCollector.cpp">
      <Filter>Editor\GarbageCollector</Filter>
    </ClCompile>
    <ClCompile Include="D:\p2vs\QuakeGit\Quake\Source\Editor\Pointers\TObjectPtr.cpp">
      <Filter>Editor\Pointers</Filter>
    </ClCompile>
    <ClCompile Include="D:\p2vs\QuakeGit\Quake\Source\Editor\Pointers\TPtr.cpp">
      <Filter>Editor\Pointers</Filter>
    </ClCompile>
    <ClCompile Include="D:\p2vs\QuakeGit\Quake\Source\Editor\Pointers\TSharedPtr.cpp">
      <Filter>Editor\Pointers</Filter>
    </ClCompile>
    <ClCompile Include="D:\p2vs\QuakeGit\Quake\Source\Editor\Pointers\TSoftObjectPtr.cpp">
      <Filter>Editor\Pointers</Filter>
    </ClCompile>
    <ClCompile Include="D:\p2vs\QuakeGit\Quake\Source\Editor\Pointers\TWeakPtr.cpp">
      <Filter>Editor\Pointers</Filter>
    </ClCompile>
    <ClCompile Include="D:\p2vs\QuakeGit\Quake\Source\Main.cpp" />
    <ClCompile Include="D:\p2vs\QuakeGit\Quake\Source\Runtime\Classes\GameFramework\USpringArmComponent.cpp">
      <Filter>Runtime\Classes\GameFramework</Filter>
    </ClCompile>
    <ClCompile Include="D:\p2vs\QuakeGit\Quake\Source\Runtime\Classes\Kismet\UKismetMathLibrary.cpp">
      <Filter>Runtime\Classes\Kismet</Filter>
    </ClCompile>
    <ClCompile Include="D:\p2vs\QuakeGit\Quake\Source\Runtime\Core\Containers\FString.cpp">
      <Filter>Runtime\Core\Containers</Filter>
    </ClCompile>
    <ClCompile Include="D:\p2vs\QuakeGit\Quake\Source\Runtime\Core\Math\FColor.cpp">
      <Filter>Runtime\Core\Math</Filter>
    </ClCompile>
    <ClCompile Include="D:\p2vs\QuakeGit\Quake\Source\Runtime\Core\Math\FMath.cpp">
      <Filter>Runtime\Core\Math</Filter>
    </ClCompile>
    <ClCompile Include="D:\p2vs\QuakeGit\Quake\Source\Runtime\Core\Math\FMatrix.cpp">
      <Filter>Runtime\Core\Math</Filter>
    </ClCompile>
    <ClCompile Include="D:\p2vs\QuakeGit\Quake\Source\Runtime\Core\Math\FRotator.cpp">
      <Filter>Runtime\Core\Math</Filter>
    </ClCompile>
    <ClCompile Include="D:\p2vs\QuakeGit\Quake\Source\Runtime\Core\Math\FVector\FVector2.cpp">
      <Filter>Runtime\Core\Math\FVector</Filter>
    </ClCompile>
    <ClCompile Include="D:\p2vs\QuakeGit\Quake\Source\Runtime\Core\Math\FVector\FVector4.cpp">
      <Filter>Runtime\Core\Math\FVector</Filter>
    </ClCompile>
    <ClCompile Include="D:\p2vs\QuakeGit\Quake\Source\Runtime\Core\Math\MathFwd.cpp">
      <Filter>Runtime\Core\Math</Filter>
    </ClCompile>
    <ClCompile Include="D:\p2vs\QuakeGit\Quake\Source\Runtime\Core\Math\Quat.cpp">
      <Filter>Runtime\Core\Math</Filter>
    </ClCompile>
    <ClCompile Include="D:\p2vs\QuakeGit\Quake\Source\Runtime\Core\Math\TTransform.cpp">
      <Filter>Runtime\Core\Math</Filter>
    </ClCompile>
    <ClCompile Include="D:\p2vs\QuakeGit\Quake\Source\Runtime\Managers\CameraManager.cpp">
      <Filter>Runtime\Managers</Filter>
    </ClCompile>
    <ClCompile Include="D:\p2vs\QuakeGit\Quake\Source\Runtime\Managers\InputManager.cpp">
      <Filter>Runtime\Managers</Filter>
    </ClCompile>
    <ClCompile Include="D:\p2vs\QuakeGit\Quake\Source\Runtime\Managers\TimerManager.cpp">
      <Filter>Runtime\Managers</Filter>
    </ClCompile>
    <ClCompile Include="D:\p2vs\QuakeGit\Quake\Source\Runtime\Managers\UGameInstance.cpp">
      <Filter>Runtime\Managers</Filter>
    </ClCompile>
    <ClCompile Include="D:\p2vs\QuakeGit\Quake\Source\Runtime\Objects\Actors\AActor.cpp">
      <Filter>Runtime\Objects\Actors</Filter>
    </ClCompile>
    <ClCompile Include="D:\p2vs\QuakeGit\Quake\Source\Runtime\Objects\Actors\Lights\ALight.cpp">
      <Filter>Runtime\Objects\Actors\Lights</Filter>
    </ClCompile>
    <ClCompile Include="D:\p2vs\QuakeGit\Quake\Source\Runtime\Objects\Actors\Lights\DirectionalLight\ADirectionalLight.cpp">
      <Filter>Runtime\Objects\Actors\Lights\DirectionalLight</Filter>
    </ClCompile>
    <ClCompile Include="D:\p2vs\QuakeGit\Quake\Source\Runtime\Objects\Actors\Lights\PointLight\APointLight.cpp">
      <Filter>Runtime\Objects\Actors\Lights\PointLight</Filter>
    </ClCompile>
    <ClCompile Include="D:\p2vs\QuakeGit\Quake\Source\Runtime\Objects\Actors\Lights\SpotLight\ASpotLight.cpp">
      <Filter>Runtime\Objects\Actors\Lights\SpotLight</Filter>
    </ClCompile>
    <ClCompile Include="D:\p2vs\QuakeGit\Quake\Source\Runtime\Objects\Components\UActorComponent.cpp">
      <Filter>Runtime\Objects\Components</Filter>
    </ClCompile>
    <ClCompile Include="D:\p2vs\QuakeGit\Quake\Source\Runtime\Objects\Components\UMovementComponent.cpp">
      <Filter>Runtime\Objects\Components</Filter>
    </ClCompile>
    <ClCompile Include="D:\p2vs\QuakeGit\Quake\Source\Runtime\Objects\UObject.cpp">
      <Filter>Runtime\Objects</Filter>
    </ClCompile>
  </ItemGroup>
  <ItemGroup>
    <ClInclude Include="D:\p2vs\QuakeGit\Quake\Source\CoreMinimal.h" />
    <ClInclude Include="D:\p2vs\QuakeGit\Quake\Source\Editor\Engine\Engine.h">
      <Filter>Editor\Engine</Filter>
    </ClInclude>
    <ClInclude Include="D:\p2vs\QuakeGit\Quake\Source\Editor\Engine\EngineWindow.h">
      <Filter>Editor\Engine</Filter>
    </ClInclude>
    <ClInclude Include="D:\p2vs\QuakeGit\Quake\Source\Editor\Engine\Material\Material.h">
      <Filter>Editor\Engine\Material</Filter>
    </ClInclude>
    <ClInclude Include="D:\p2vs\QuakeGit\Quake\Source\Editor\Engine\Shader\CustomShader.h">
      <Filter>Editor\Engine\Shader</Filter>
    </ClInclude>
    <ClInclude Include="D:\p2vs\QuakeGit\Quake\Source\Editor\GarbageCollector\GarbageCollector.h">
      <Filter>Editor\GarbageCollector</Filter>
    </ClInclude>
    <ClInclude Include="D:\p2vs\QuakeGit\Quake\Source\Editor\Pointers\TObjectPtr.h">
      <Filter>Editor\Pointers</Filter>
    </ClInclude>
    <ClInclude Include="D:\p2vs\QuakeGit\Quake\Source\Editor\Pointers\TPtr.h">
      <Filter>Editor\Pointers</Filter>
    </ClInclude>
    <ClInclude Include="D:\p2vs\QuakeGit\Quake\Source\Editor\Pointers\TSharedPtr.h">
      <Filter>Editor\Pointers</Filter>
    </ClInclude>
    <ClInclude Include="D:\p2vs\QuakeGit\Quake\Source\Editor\Pointers\TSoftObjectPtr.h">
      <Filter>Editor\Pointers</Filter>
    </ClInclude>
    <ClInclude Include="D:\p2vs\QuakeGit\Quake\Source\Editor\Pointers\TWeakPtr.h">
      <Filter>Editor\Pointers</Filter>
    </ClInclude>
    <ClInclude Include="D:\p2vs\QuakeGit\Quake\Source\Runtime\Classes\GameFramework\USpringArmComponent.h">
      <Filter>Runtime\Classes\GameFramework</Filter>
    </ClInclude>
    <ClInclude Include="D:\p2vs\QuakeGit\Quake\Source\Runtime\Classes\Kismet\UKismetMathLibrary.h">
      <Filter>Runtime\Classes\Kismet</Filter>
    </ClInclude>
    <ClInclude Include="D:\p2vs\QuakeGit\Quake\Source\Runtime\Core\Containers\FString.h">
      <Filter>Runtime\Core\Containers</Filter>
    </ClInclude>
    <ClInclude Include="D:\p2vs\QuakeGit\Quake\Source\Runtime\Core\Containers\TArray.h">
      <Filter>Runtime\Core\Containers</Filter>
    </ClInclude>
    <ClInclude Include="D:\p2vs\QuakeGit\Quake\Source\Runtime\Core\Containers\TMap.h">
      <Filter>Runtime\Core\Containers</Filter>
    </ClInclude>
    <ClInclude Include="D:\p2vs\QuakeGit\Quake\Source\Runtime\Core\Math\FColor.h">
      <Filter>Runtime\Core\Math</Filter>
    </ClInclude>
    <ClInclude Include="D:\p2vs\QuakeGit\Quake\Source\Runtime\Core\Math\FMath.h">
      <Filter>Runtime\Core\Math</Filter>
    </ClInclude>
    <ClInclude Include="D:\p2vs\QuakeGit\Quake\Source\Runtime\Core\Math\FMatrix.h">
      <Filter>Runtime\Core\Math</Filter>
    </ClInclude>
    <ClInclude Include="D:\p2vs\QuakeGit\Quake\Source\Runtime\Core\Math\FRotator.h">
      <Filter>Runtime\Core\Math</Filter>
    </ClInclude>
    <ClInclude Include="D:\p2vs\QuakeGit\Quake\Source\Runtime\Core\Math\FVector\FVector2.h">
      <Filter>Runtime\Core\Math\FVector</Filter>
    </ClInclude>
    <ClInclude Include="D:\p2vs\QuakeGit\Quake\Source\Runtime\Core\Math\FVector\FVector4.h">
      <Filter>Runtime\Core\Math\FVector</Filter>
    </ClInclude>
    <ClInclude Include="D:\p2vs\QuakeGit\Quake\Source\Runtime\Core\Math\FVector\TVector.h">
      <Filter>Runtime\Core\Math\FVector</Filter>
    </ClInclude>
    <ClInclude Include="D:\p2vs\QuakeGit\Quake\Source\Runtime\Core\Math\MathFwd.h">
      <Filter>Runtime\Core\Math</Filter>
    </ClInclude>
    <ClInclude Include="D:\p2vs\QuakeGit\Quake\Source\Runtime\Core\Math\Quat.h">
      <Filter>Runtime\Core\Math</Filter>
    </ClInclude>
    <ClInclude Include="D:\p2vs\QuakeGit\Quake\Source\Runtime\Core\Math\TTransform.h">
      <Filter>Runtime\Core\Math</Filter>
    </ClInclude>
    <ClInclude Include="D:\p2vs\QuakeGit\Quake\Source\Runtime\Managers\CameraManager.h">
      <Filter>Runtime\Managers</Filter>
    </ClInclude>
    <ClInclude Include="D:\p2vs\QuakeGit\Quake\Source\Runtime\Managers\InputManager.h">
      <Filter>Runtime\Managers</Filter>
    </ClInclude>
    <ClInclude Include="D:\p2vs\QuakeGit\Quake\Source\Runtime\Managers\TimerManager.h">
      <Filter>Runtime\Managers</Filter>
    </ClInclude>
    <ClInclude Include="D:\p2vs\QuakeGit\Quake\Source\Runtime\Managers\UGameInstance.h">
      <Filter>Runtime\Managers</Filter>
    </ClInclude>
    <ClInclude Include="D:\p2vs\QuakeGit\Quake\Source\Runtime\Objects\Actors\AActor.h">
      <Filter>Runtime\Objects\Actors</Filter>
    </ClInclude>
    <ClInclude Include="D:\p2vs\QuakeGit\Quake\Source\Runtime\Objects\Actors\Lights\ALight.h">
      <Filter>Runtime\Objects\Actors\Lights</Filter>
    </ClInclude>
    <ClInclude Include="D:\p2vs\QuakeGit\Quake\Source\Runtime\Objects\Actors\Lights\DirectionalLight\ADirectionalLight.h">
      <Filter>Runtime\Objects\Actors\Lights\DirectionalLight</Filter>
    </ClInclude>
    <ClInclude Include="D:\p2vs\QuakeGit\Quake\Source\Runtime\Objects\Actors\Lights\PointLight\APointLight.h">
      <Filter>Runtime\Objects\Actors\Lights\PointLight</Filter>
    </ClInclude>
    <ClInclude Include="D:\p2vs\QuakeGit\Quake\Source\Runtime\Objects\Actors\Lights\SpotLight\ASpotLight.h">
      <Filter>Runtime\Objects\Actors\Lights\SpotLight</Filter>
    </ClInclude>
    <ClInclude Include="D:\p2vs\QuakeGit\Quake\Source\Runtime\Objects\Components\UActorComponent.h">
      <Filter>Runtime\Objects\Components</Filter>
    </ClInclude>
    <ClInclude Include="D:\p2vs\QuakeGit\Quake\Source\Runtime\Objects\Components\UMovementComponent.h">
      <Filter>Runtime\Objects\Components</Filter>
    </ClInclude>
    <ClInclude Include="D:\p2vs\QuakeGit\Quake\Source\Runtime\Objects\UObject.h">
      <Filter>Runtime\Objects</Filter>
    </ClInclude>
    <ClInclude Include="D:\p2vs\QuakeGit\Quake\Source\Common\controls.hpp">
      <Filter>Common</Filter>
    </ClInclude>
    <ClInclude Include="D:\p2vs\QuakeGit\Quake\Source\Common\objloader.hpp">
      <Filter>Common</Filter>
    </ClInclude>
    <ClInclude Include="D:\p2vs\QuakeGit\Quake\Source\Common\quaternion_utils.hpp">
      <Filter>Common</Filter>
    </ClInclude>
    <ClInclude Include="D:\p2vs\QuakeGit\Quake\Source\Common\shader.hpp">
      <Filter>Common</Filter>
    </ClInclude>
    <ClInclude Include="D:\p2vs\QuakeGit\Quake\Source\Common\tangentspace.hpp">
      <Filter>Common</Filter>
    </ClInclude>
    <ClInclude Include="D:\p2vs\QuakeGit\Quake\Source\Common\text2D.hpp">
      <Filter>Common</Filter>
    </ClInclude>
    <ClInclude Include="D:\p2vs\QuakeGit\Quake\Source\Common\texture.hpp">
      <Filter>Common</Filter>
    </ClInclude>
    <ClInclude Include="D:\p2vs\QuakeGit\Quake\Source\Common\vboindexer.hpp">
      <Filter>Common</Filter>
    </ClInclude>
  </ItemGroup>
  <ItemGroup>
    <CustomBuild Include="D:\p2vs\QuakeGit\Quake\CMakeLists.txt" />
  </ItemGroup>
  <ItemGroup>
    <Filter Include="Common">
      <UniqueIdentifier>{28ADABB1-5C1F-3872-8C32-4256E8A268EA}</UniqueIdentifier>
    </Filter>
    <Filter Include="Editor">
      <UniqueIdentifier>{A30AF213-9E73-34AA-B57F-0CDADC150001}</UniqueIdentifier>
    </Filter>
    <Filter Include="Editor\Engine">
      <UniqueIdentifier>{E3DBCF6F-BEB6-30D6-A138-35F95899B9EF}</UniqueIdentifier>
    </Filter>
    <Filter Include="Editor\Engine\Material">
      <UniqueIdentifier>{212A0954-4989-381E-AF60-CEB51A8964A9}</UniqueIdentifier>
    </Filter>
    <Filter Include="Editor\Engine\Shader">
      <UniqueIdentifier>{79D3D7BB-CAE5-39A3-8D04-C6D47CEF2BFF}</UniqueIdentifier>
    </Filter>
    <Filter Include="Editor\GarbageCollector">
      <UniqueIdentifier>{3C51D30D-9CA3-3737-B932-7840E8D35866}</UniqueIdentifier>
    </Filter>
    <Filter Include="Editor\Pointers">
      <UniqueIdentifier>{2E41FC37-6A3A-3FCB-9AA9-0B75E7184FAB}</UniqueIdentifier>
    </Filter>
    <Filter Include="Runtime">
      <UniqueIdentifier>{2011A3B0-F869-38B6-95F7-8B4902878E6E}</UniqueIdentifier>
    </Filter>
    <Filter Include="Runtime\Classes">
      <UniqueIdentifier>{294D07AB-FD6D-36EB-BAEC-6A38C6C0C070}</UniqueIdentifier>
    </Filter>
    <Filter Include="Runtime\Classes\GameFramework">
      <UniqueIdentifier>{8A33E9D0-839E-32DC-9F94-49401BBB0340}</UniqueIdentifier>
    </Filter>
    <Filter Include="Runtime\Classes\Kismet">
      <UniqueIdentifier>{55B387AB-A16D-3282-8A47-274D0A0AE530}</UniqueIdentifier>
    </Filter>
    <Filter Include="Runtime\Core">
      <UniqueIdentifier>{4FE4E788-28A8-350F-9E0A-B8D50B68E679}</UniqueIdentifier>
    </Filter>
    <Filter Include="Runtime\Core\Containers">
      <UniqueIdentifier>{CF8351DC-96BF-370D-A2B7-67A92B905F6E}</UniqueIdentifier>
    </Filter>
    <Filter Include="Runtime\Core\Math">
      <UniqueIdentifier>{FA3A09C3-CEC4-3B18-BDF6-1E1545CFA51D}</UniqueIdentifier>
    </Filter>
    <Filter Include="Runtime\Core\Math\FVector">
      <UniqueIdentifier>{2DEA0FE3-25EB-3CFF-9367-E984A6393C77}</UniqueIdentifier>
    </Filter>
    <Filter Include="Runtime\Managers">
      <UniqueIdentifier>{BB73A174-C710-39DB-8361-5D4BDE8BFB4F}</UniqueIdentifier>
    </Filter>
    <Filter Include="Runtime\Objects">
      <UniqueIdentifier>{186896C2-7BC4-3E47-AB6B-22FA47591868}</UniqueIdentifier>
    </Filter>
    <Filter Include="Runtime\Objects\Actors">
      <UniqueIdentifier>{52AC160A-D265-3498-9835-041D30C9D900}</UniqueIdentifier>
    </Filter>
    <Filter Include="Runtime\Objects\Actors\Lights">
      <UniqueIdentifier>{8D5E9E1C-E830-3393-91BA-3E6EF6844843}</UniqueIdentifier>
    </Filter>
    <Filter Include="Runtime\Objects\Actors\Lights\DirectionalLight">
      <UniqueIdentifier>{F8C86586-B36A-306B-A46F-DFFCCEB93B17}</UniqueIdentifier>
    </Filter>
    <Filter Include="Runtime\Objects\Actors\Lights\PointLight">
      <UniqueIdentifier>{FC1E6FD2-4AF9-37C8-8B12-F31D8BCD282C}</UniqueIdentifier>
    </Filter>
    <Filter Include="Runtime\Objects\Actors\Lights\SpotLight">
      <UniqueIdentifier>{7F7CD9F5-C158-31BE-9AE6-8A6B027FEB57}</UniqueIdentifier>
    </Filter>
    <Filter Include="Runtime\Objects\Components">
      <UniqueIdentifier>{5C1EFC18-2F7B-3C4B-9FB8-A8DB94C7ACEE}</UniqueIdentifier>
    </Filter>
  </ItemGroup>
</Project>