<?xml version="1.0" encoding="utf-8"?>
<Project ToolsVersion="17.0" xmlns="http://schemas.microsoft.com/developer/msbuild/2003">
  <ItemGroup>
    <ClCompile Include="D:\repository\Quake\QuakeGH\Quake\Source\Common\controls.cpp">
      <Filter>Common</Filter>
    </ClCompile>
    <ClCompile Include="D:\repository\Quake\QuakeGH\Quake\Source\Common\objloader.cpp">
      <Filter>Common</Filter>
    </ClCompile>
    <ClCompile Include="D:\repository\Quake\QuakeGH\Quake\Source\Common\quaternion_utils.cpp">
      <Filter>Common</Filter>
    </ClCompile>
    <ClCompile Include="D:\repository\Quake\QuakeGH\Quake\Source\Common\shader.cpp">
      <Filter>Common</Filter>
    </ClCompile>
    <ClCompile Include="D:\repository\Quake\QuakeGH\Quake\Source\Common\tangentspace.cpp">
      <Filter>Common</Filter>
    </ClCompile>
    <ClCompile Include="D:\repository\Quake\QuakeGH\Quake\Source\Common\text2D.cpp">
      <Filter>Common</Filter>
    </ClCompile>
    <ClCompile Include="D:\repository\Quake\QuakeGH\Quake\Source\Common\texture.cpp">
      <Filter>Common</Filter>
    </ClCompile>
    <ClCompile Include="D:\repository\Quake\QuakeGH\Quake\Source\Common\vboindexer.cpp">
      <Filter>Common</Filter>
    </ClCompile>
    <ClCompile Include="D:\repository\Quake\QuakeGH\Quake\Source\Editor\Engine\Engine.cpp">
      <Filter>Editor\Engine</Filter>
    </ClCompile>
    <ClCompile Include="D:\repository\Quake\QuakeGH\Quake\Source\Editor\Engine\EngineWindow.cpp">
      <Filter>Editor\Engine</Filter>
    </ClCompile>
    <ClCompile Include="D:\repository\Quake\QuakeGH\Quake\Source\Editor\Engine\Material\Material.cpp">
      <Filter>Editor\Engine\Material</Filter>
    </ClCompile>
    <ClCompile Include="D:\repository\Quake\QuakeGH\Quake\Source\Editor\Engine\Shader\CustomShader.cpp">
      <Filter>Editor\Engine\Shader</Filter>
    </ClCompile>
    <ClCompile Include="D:\repository\Quake\QuakeGH\Quake\Source\Editor\GarbageCollector\GarbageCollector.cpp">
      <Filter>Editor\GarbageCollector</Filter>
    </ClCompile>
    <ClCompile Include="D:\repository\Quake\QuakeGH\Quake\Source\Editor\Pointers\TObjectPtr.cpp">
      <Filter>Editor\Pointers</Filter>
    </ClCompile>
    <ClCompile Include="D:\repository\Quake\QuakeGH\Quake\Source\Editor\Pointers\TPtr.cpp">
      <Filter>Editor\Pointers</Filter>
    </ClCompile>
    <ClCompile Include="D:\repository\Quake\QuakeGH\Quake\Source\Editor\Pointers\TSharedPtr.cpp">
      <Filter>Editor\Pointers</Filter>
    </ClCompile>
    <ClCompile Include="D:\repository\Quake\QuakeGH\Quake\Source\Editor\Pointers\TSoftObjectPtr.cpp">
      <Filter>Editor\Pointers</Filter>
    </ClCompile>
    <ClCompile Include="D:\repository\Quake\QuakeGH\Quake\Source\Editor\Pointers\TWeakPtr.cpp">
      <Filter>Editor\Pointers</Filter>
    </ClCompile>
    <ClCompile Include="D:\repository\Quake\QuakeGH\Quake\Source\ImGUI\imgui.cpp">
      <Filter>ImGUI</Filter>
    </ClCompile>
    <ClCompile Include="D:\repository\Quake\QuakeGH\Quake\Source\ImGUI\imgui_demo.cpp">
      <Filter>ImGUI</Filter>
    </ClCompile>
    <ClCompile Include="D:\repository\Quake\QuakeGH\Quake\Source\ImGUI\imgui_draw.cpp">
      <Filter>ImGUI</Filter>
    </ClCompile>
    <ClCompile Include="D:\repository\Quake\QuakeGH\Quake\Source\ImGUI\imgui_impl_glfw.cpp">
      <Filter>ImGUI</Filter>
    </ClCompile>
    <ClCompile Include="D:\repository\Quake\QuakeGH\Quake\Source\ImGUI\imgui_impl_opengl3.cpp">
      <Filter>ImGUI</Filter>
    </ClCompile>
    <ClCompile Include="D:\repository\Quake\QuakeGH\Quake\Source\ImGUI\imgui_impl_win32.cpp">
      <Filter>ImGUI</Filter>
    </ClCompile>
    <ClCompile Include="D:\repository\Quake\QuakeGH\Quake\Source\ImGUI\imgui_tables.cpp">
      <Filter>ImGUI</Filter>
    </ClCompile>
    <ClCompile Include="D:\repository\Quake\QuakeGH\Quake\Source\ImGUI\imgui_widgets.cpp">
      <Filter>ImGUI</Filter>
    </ClCompile>
    <ClCompile Include="D:\repository\Quake\QuakeGH\Quake\Source\Main.cpp" />
    <ClCompile Include="D:\repository\Quake\QuakeGH\Quake\Source\Runtime\Classes\GameFramework\USpringArmComponent.cpp">
      <Filter>Runtime\Classes\GameFramework</Filter>
    </ClCompile>
    <ClCompile Include="D:\repository\Quake\QuakeGH\Quake\Source\Runtime\Classes\Kismet\UKismetMathLibrary.cpp">
      <Filter>Runtime\Classes\Kismet</Filter>
    </ClCompile>
    <ClCompile Include="D:\repository\Quake\QuakeGH\Quake\Source\Runtime\Core\Containers\FString.cpp">
      <Filter>Runtime\Core\Containers</Filter>
    </ClCompile>
    <ClCompile Include="D:\repository\Quake\QuakeGH\Quake\Source\Runtime\Core\Math\FColor.cpp">
      <Filter>Runtime\Core\Math</Filter>
    </ClCompile>
    <ClCompile Include="D:\repository\Quake\QuakeGH\Quake\Source\Runtime\Core\Math\FMath.cpp">
      <Filter>Runtime\Core\Math</Filter>
    </ClCompile>
    <ClCompile Include="D:\repository\Quake\QuakeGH\Quake\Source\Runtime\Core\Math\FMatrix.cpp">
      <Filter>Runtime\Core\Math</Filter>
    </ClCompile>
    <ClCompile Include="D:\repository\Quake\QuakeGH\Quake\Source\Runtime\Core\Math\FRotator.cpp">
      <Filter>Runtime\Core\Math</Filter>
    </ClCompile>
    <ClCompile Include="D:\repository\Quake\QuakeGH\Quake\Source\Runtime\Core\Math\FVector\FVector2.cpp">
      <Filter>Runtime\Core\Math\FVector</Filter>
    </ClCompile>
    <ClCompile Include="D:\repository\Quake\QuakeGH\Quake\Source\Runtime\Core\Math\FVector\FVector4.cpp">
      <Filter>Runtime\Core\Math\FVector</Filter>
    </ClCompile>
    <ClCompile Include="D:\repository\Quake\QuakeGH\Quake\Source\Runtime\Core\Math\MathFwd.cpp">
      <Filter>Runtime\Core\Math</Filter>
    </ClCompile>
    <ClCompile Include="D:\repository\Quake\QuakeGH\Quake\Source\Runtime\Core\Math\Quat.cpp">
      <Filter>Runtime\Core\Math</Filter>
    </ClCompile>
    <ClCompile Include="D:\repository\Quake\QuakeGH\Quake\Source\Runtime\Managers\CameraManager.cpp">
      <Filter>Runtime\Managers</Filter>
    </ClCompile>
    <ClCompile Include="D:\repository\Quake\QuakeGH\Quake\Source\Runtime\Managers\InputManager.cpp">
      <Filter>Runtime\Managers</Filter>
    </ClCompile>
    <ClCompile Include="D:\repository\Quake\QuakeGH\Quake\Source\Runtime\Managers\TimerManager.cpp">
      <Filter>Runtime\Managers</Filter>
    </ClCompile>
    <ClCompile Include="D:\repository\Quake\QuakeGH\Quake\Source\Runtime\Managers\UGameInstance.cpp">
      <Filter>Runtime\Managers</Filter>
    </ClCompile>
    <ClCompile Include="D:\repository\Quake\QuakeGH\Quake\Source\Runtime\Objects\Actors\AActor.cpp">
      <Filter>Runtime\Objects\Actors</Filter>
    </ClCompile>
    <ClCompile Include="D:\repository\Quake\QuakeGH\Quake\Source\Runtime\Objects\Actors\Lights\ALight.cpp">
      <Filter>Runtime\Objects\Actors\Lights</Filter>
    </ClCompile>
    <ClCompile Include="D:\repository\Quake\QuakeGH\Quake\Source\Runtime\Objects\Actors\Lights\PointLight\APointLight.cpp">
      <Filter>Runtime\Objects\Actors\Lights\PointLight</Filter>
    </ClCompile>
    <ClCompile Include="D:\repository\Quake\QuakeGH\Quake\Source\Runtime\Objects\Components\UActorComponent.cpp">
      <Filter>Runtime\Objects\Components</Filter>
    </ClCompile>
    <ClCompile Include="D:\repository\Quake\QuakeGH\Quake\Source\Runtime\Objects\Components\UMovementComponent.cpp">
      <Filter>Runtime\Objects\Components</Filter>
    </ClCompile>
    <ClCompile Include="D:\repository\Quake\QuakeGH\Quake\Source\Runtime\Objects\UObject.cpp">
      <Filter>Runtime\Objects</Filter>
    </ClCompile>
  </ItemGroup>
  <ItemGroup>
    <ClInclude Include="D:\repository\Quake\QuakeGH\Quake\Source\CoreMinimal.h" />
    <ClInclude Include="D:\repository\Quake\QuakeGH\Quake\Source\Editor\Engine\Engine.h">
      <Filter>Editor\Engine</Filter>
    </ClInclude>
    <ClInclude Include="D:\repository\Quake\QuakeGH\Quake\Source\Editor\Engine\EngineWindow.h">
      <Filter>Editor\Engine</Filter>
    </ClInclude>
    <ClInclude Include="D:\repository\Quake\QuakeGH\Quake\Source\Editor\Engine\Material\Material.h">
      <Filter>Editor\Engine\Material</Filter>
    </ClInclude>
    <ClInclude Include="D:\repository\Quake\QuakeGH\Quake\Source\Editor\Engine\Shader\CustomShader.h">
      <Filter>Editor\Engine\Shader</Filter>
    </ClInclude>
    <ClInclude Include="D:\repository\Quake\QuakeGH\Quake\Source\Editor\GarbageCollector\GarbageCollector.h">
      <Filter>Editor\GarbageCollector</Filter>
    </ClInclude>
    <ClInclude Include="D:\repository\Quake\QuakeGH\Quake\Source\Editor\Pointers\TObjectPtr.h">
      <Filter>Editor\Pointers</Filter>
    </ClInclude>
    <ClInclude Include="D:\repository\Quake\QuakeGH\Quake\Source\Editor\Pointers\TPtr.h">
      <Filter>Editor\Pointers</Filter>
    </ClInclude>
    <ClInclude Include="D:\repository\Quake\QuakeGH\Quake\Source\Editor\Pointers\TSharedPtr.h">
      <Filter>Editor\Pointers</Filter>
    </ClInclude>
    <ClInclude Include="D:\repository\Quake\QuakeGH\Quake\Source\Editor\Pointers\TSoftObjectPtr.h">
      <Filter>Editor\Pointers</Filter>
    </ClInclude>
    <ClInclude Include="D:\repository\Quake\QuakeGH\Quake\Source\Editor\Pointers\TWeakPtr.h">
      <Filter>Editor\Pointers</Filter>
    </ClInclude>
    <ClInclude Include="D:\repository\Quake\QuakeGH\Quake\Source\ImGUI\imconfig.h">
      <Filter>ImGUI</Filter>
    </ClInclude>
    <ClInclude Include="D:\repository\Quake\QuakeGH\Quake\Source\ImGUI\imgui.h">
      <Filter>ImGUI</Filter>
    </ClInclude>
    <ClInclude Include="D:\repository\Quake\QuakeGH\Quake\Source\ImGUI\imgui_impl_glfw.h">
      <Filter>ImGUI</Filter>
    </ClInclude>
    <ClInclude Include="D:\repository\Quake\QuakeGH\Quake\Source\ImGUI\imgui_impl_opengl3.h">
      <Filter>ImGUI</Filter>
    </ClInclude>
    <ClInclude Include="D:\repository\Quake\QuakeGH\Quake\Source\ImGUI\imgui_impl_opengl3_loader.h">
      <Filter>ImGUI</Filter>
    </ClInclude>
    <ClInclude Include="D:\repository\Quake\QuakeGH\Quake\Source\ImGUI\imgui_impl_win32.h">
      <Filter>ImGUI</Filter>
    </ClInclude>
    <ClInclude Include="D:\repository\Quake\QuakeGH\Quake\Source\ImGUI\imgui_internal.h">
      <Filter>ImGUI</Filter>
    </ClInclude>
    <ClInclude Include="D:\repository\Quake\QuakeGH\Quake\Source\ImGUI\imstb_rectpack.h">
      <Filter>ImGUI</Filter>
    </ClInclude>
    <ClInclude Include="D:\repository\Quake\QuakeGH\Quake\Source\ImGUI\imstb_textedit.h">
      <Filter>ImGUI</Filter>
    </ClInclude>
    <ClInclude Include="D:\repository\Quake\QuakeGH\Quake\Source\ImGUI\imstb_truetype.h">
      <Filter>ImGUI</Filter>
    </ClInclude>
    <ClInclude Include="D:\repository\Quake\QuakeGH\Quake\Source\Runtime\Classes\GameFramework\USpringArmComponent.h">
      <Filter>Runtime\Classes\GameFramework</Filter>
    </ClInclude>
    <ClInclude Include="D:\repository\Quake\QuakeGH\Quake\Source\Runtime\Classes\Kismet\UKismetMathLibrary.h">
      <Filter>Runtime\Classes\Kismet</Filter>
    </ClInclude>
    <ClInclude Include="D:\repository\Quake\QuakeGH\Quake\Source\Runtime\Core\Containers\FString.h">
      <Filter>Runtime\Core\Containers</Filter>
    </ClInclude>
    <ClInclude Include="D:\repository\Quake\QuakeGH\Quake\Source\Runtime\Core\Containers\TArray.h">
      <Filter>Runtime\Core\Containers</Filter>
    </ClInclude>
    <ClInclude Include="D:\repository\Quake\QuakeGH\Quake\Source\Runtime\Core\Containers\TMap.h">
      <Filter>Runtime\Core\Containers</Filter>
    </ClInclude>
    <ClInclude Include="D:\repository\Quake\QuakeGH\Quake\Source\Runtime\Core\Math\FColor.h">
      <Filter>Runtime\Core\Math</Filter>
    </ClInclude>
    <ClInclude Include="D:\repository\Quake\QuakeGH\Quake\Source\Runtime\Core\Math\FMath.h">
      <Filter>Runtime\Core\Math</Filter>
    </ClInclude>
    <ClInclude Include="D:\repository\Quake\QuakeGH\Quake\Source\Runtime\Core\Math\FMatrix.h">
      <Filter>Runtime\Core\Math</Filter>
    </ClInclude>
    <ClInclude Include="D:\repository\Quake\QuakeGH\Quake\Source\Runtime\Core\Math\FRotator.h">
      <Filter>Runtime\Core\Math</Filter>
    </ClInclude>
    <ClInclude Include="D:\repository\Quake\QuakeGH\Quake\Source\Runtime\Core\Math\FVector\FVector2.h">
      <Filter>Runtime\Core\Math\FVector</Filter>
    </ClInclude>
    <ClInclude Include="D:\repository\Quake\QuakeGH\Quake\Source\Runtime\Core\Math\FVector\FVector4.h">
      <Filter>Runtime\Core\Math\FVector</Filter>
    </ClInclude>
    <ClInclude Include="D:\repository\Quake\QuakeGH\Quake\Source\Runtime\Core\Math\FVector\TVector.h">
      <Filter>Runtime\Core\Math\FVector</Filter>
    </ClInclude>
    <ClInclude Include="D:\repository\Quake\QuakeGH\Quake\Source\Runtime\Core\Math\MathFwd.h">
      <Filter>Runtime\Core\Math</Filter>
    </ClInclude>
    <ClInclude Include="D:\repository\Quake\QuakeGH\Quake\Source\Runtime\Core\Math\Quat.h">
      <Filter>Runtime\Core\Math</Filter>
    </ClInclude>
    <ClInclude Include="D:\repository\Quake\QuakeGH\Quake\Source\Runtime\Managers\CameraManager.h">
      <Filter>Runtime\Managers</Filter>
    </ClInclude>
    <ClInclude Include="D:\repository\Quake\QuakeGH\Quake\Source\Runtime\Managers\InputManager.h">
      <Filter>Runtime\Managers</Filter>
    </ClInclude>
    <ClInclude Include="D:\repository\Quake\QuakeGH\Quake\Source\Runtime\Managers\TimerManager.h">
      <Filter>Runtime\Managers</Filter>
    </ClInclude>
    <ClInclude Include="D:\repository\Quake\QuakeGH\Quake\Source\Runtime\Managers\UGameInstance.h">
      <Filter>Runtime\Managers</Filter>
    </ClInclude>
    <ClInclude Include="D:\repository\Quake\QuakeGH\Quake\Source\Runtime\Objects\Actors\AActor.h">
      <Filter>Runtime\Objects\Actors</Filter>
    </ClInclude>
    <ClInclude Include="D:\repository\Quake\QuakeGH\Quake\Source\Runtime\Objects\Actors\Lights\ALight.h">
      <Filter>Runtime\Objects\Actors\Lights</Filter>
    </ClInclude>
    <ClInclude Include="D:\repository\Quake\QuakeGH\Quake\Source\Runtime\Objects\Actors\Lights\PointLight\APointLight.h">
      <Filter>Runtime\Objects\Actors\Lights\PointLight</Filter>
    </ClInclude>
    <ClInclude Include="D:\repository\Quake\QuakeGH\Quake\Source\Runtime\Objects\Components\UActorComponent.h">
      <Filter>Runtime\Objects\Components</Filter>
    </ClInclude>
    <ClInclude Include="D:\repository\Quake\QuakeGH\Quake\Source\Runtime\Objects\Components\UMovementComponent.h">
      <Filter>Runtime\Objects\Components</Filter>
    </ClInclude>
    <ClInclude Include="D:\repository\Quake\QuakeGH\Quake\Source\Runtime\Objects\UObject.h">
      <Filter>Runtime\Objects</Filter>
    </ClInclude>
    <ClInclude Include="D:\repository\Quake\QuakeGH\Quake\Source\Common\controls.hpp">
      <Filter>Common</Filter>
    </ClInclude>
    <ClInclude Include="D:\repository\Quake\QuakeGH\Quake\Source\Common\objloader.hpp">
      <Filter>Common</Filter>
    </ClInclude>
    <ClInclude Include="D:\repository\Quake\QuakeGH\Quake\Source\Common\quaternion_utils.hpp">
      <Filter>Common</Filter>
    </ClInclude>
    <ClInclude Include="D:\repository\Quake\QuakeGH\Quake\Source\Common\shader.hpp">
      <Filter>Common</Filter>
    </ClInclude>
    <ClInclude Include="D:\repository\Quake\QuakeGH\Quake\Source\Common\tangentspace.hpp">
      <Filter>Common</Filter>
    </ClInclude>
    <ClInclude Include="D:\repository\Quake\QuakeGH\Quake\Source\Common\text2D.hpp">
      <Filter>Common</Filter>
    </ClInclude>
    <ClInclude Include="D:\repository\Quake\QuakeGH\Quake\Source\Common\texture.hpp">
      <Filter>Common</Filter>
    </ClInclude>
    <ClInclude Include="D:\repository\Quake\QuakeGH\Quake\Source\Common\vboindexer.hpp">
      <Filter>Common</Filter>
    </ClInclude>
  </ItemGroup>
  <ItemGroup>
    <CustomBuild Include="D:\repository\Quake\QuakeGH\Quake\CMakeLists.txt" />
  </ItemGroup>
  <ItemGroup>
    <Filter Include="Common">
      <UniqueIdentifier>{FE41A4EE-9760-3F2B-91AD-0CF8C2C12CB2}</UniqueIdentifier>
    </Filter>
    <Filter Include="Editor">
      <UniqueIdentifier>{6B10F7F8-0B2F-3C12-91BA-511721E9871B}</UniqueIdentifier>
    </Filter>
    <Filter Include="Editor\Engine">
      <UniqueIdentifier>{A2D4FC50-229B-300C-B888-B1E57A6254B3}</UniqueIdentifier>
    </Filter>
    <Filter Include="Editor\Engine\Material">
      <UniqueIdentifier>{E102481E-03F7-3E02-B187-876FD5C35B78}</UniqueIdentifier>
    </Filter>
    <Filter Include="Editor\Engine\Shader">
      <UniqueIdentifier>{56694F39-693B-327C-A953-19F3133416D9}</UniqueIdentifier>
    </Filter>
    <Filter Include="Editor\GarbageCollector">
      <UniqueIdentifier>{62AAFAA6-F8C3-3B86-9A45-97102C475A32}</UniqueIdentifier>
    </Filter>
    <Filter Include="Editor\Pointers">
      <UniqueIdentifier>{FD35ABC4-33BB-3157-82C7-E628E8DB277F}</UniqueIdentifier>
    </Filter>
    <Filter Include="ImGUI">
      <UniqueIdentifier>{4DD39FF9-5127-312D-B283-0686CC5CFCBF}</UniqueIdentifier>
    </Filter>
    <Filter Include="Runtime">
      <UniqueIdentifier>{311BF4B2-C831-3F35-A62E-75F479BD636A}</UniqueIdentifier>
    </Filter>
    <Filter Include="Runtime\Classes">
      <UniqueIdentifier>{9919D5E2-F67E-3299-BB95-8F7962E0E2A7}</UniqueIdentifier>
    </Filter>
    <Filter Include="Runtime\Classes\GameFramework">
      <UniqueIdentifier>{FBBAF464-0071-30F5-8ABD-783C48C00DFD}</UniqueIdentifier>
    </Filter>
    <Filter Include="Runtime\Classes\Kismet">
      <UniqueIdentifier>{78CFB452-8D1D-31BB-8E59-6DC9E018F032}</UniqueIdentifier>
    </Filter>
    <Filter Include="Runtime\Core">
      <UniqueIdentifier>{C3A12628-4A56-3F70-A701-D04BAC5E3E2B}</UniqueIdentifier>
    </Filter>
    <Filter Include="Runtime\Core\Containers">
      <UniqueIdentifier>{6BF52B8A-B0E0-3535-B822-597DE6DEB6EC}</UniqueIdentifier>
    </Filter>
    <Filter Include="Runtime\Core\Math">
      <UniqueIdentifier>{CA3724E7-9E62-30DE-A04A-1B4297C772DB}</UniqueIdentifier>
    </Filter>
    <Filter Include="Runtime\Core\Math\FVector">
      <UniqueIdentifier>{A0648B9F-13AE-3B2D-82DB-39FD9E6DF635}</UniqueIdentifier>
    </Filter>
    <Filter Include="Runtime\Managers">
      <UniqueIdentifier>{1CAD295B-D87A-3934-8B99-6B56F8E425D8}</UniqueIdentifier>
    </Filter>
    <Filter Include="Runtime\Objects">
      <UniqueIdentifier>{02A3F386-3FF1-30A8-BFD4-E8BFCF21305C}</UniqueIdentifier>
    </Filter>
    <Filter Include="Runtime\Objects\Actors">
      <UniqueIdentifier>{B6214F4D-B8F4-3A55-A4A3-AA8DD802005A}</UniqueIdentifier>
    </Filter>
    <Filter Include="Runtime\Objects\Actors\Lights">
      <UniqueIdentifier>{633FBF6F-D95C-3250-8D9F-BDDBB4F150E1}</UniqueIdentifier>
    </Filter>
    <Filter Include="Runtime\Objects\Actors\Lights\PointLight">
      <UniqueIdentifier>{29DDE099-583E-35FA-809C-7D81DEF0373A}</UniqueIdentifier>
    </Filter>
    <Filter Include="Runtime\Objects\Components">
      <UniqueIdentifier>{1FD5B91D-2D8E-3ED5-BE23-CB63DBC87976}</UniqueIdentifier>
    </Filter>
  </ItemGroup>
</Project>
